// !$*UTF8*$!
{
	archiveVersion = 1;
	classes = {
	};
	objectVersion = 46;
	objects = {

/* Begin PBXBuildFile section */
		6FD7AA521CB605F000AF2A14 /* AppDelegate.swift in Sources */ = {isa = PBXBuildFile; fileRef = 6FD7AA511CB605F000AF2A14 /* AppDelegate.swift */; };
		6FD7AA541CB605F000AF2A14 /* ViewController.swift in Sources */ = {isa = PBXBuildFile; fileRef = 6FD7AA531CB605F000AF2A14 /* ViewController.swift */; };
		6FD7AA571CB605F100AF2A14 /* Main.storyboard in Resources */ = {isa = PBXBuildFile; fileRef = 6FD7AA551CB605F100AF2A14 /* Main.storyboard */; };
		6FD7AA591CB605F100AF2A14 /* Assets.xcassets in Resources */ = {isa = PBXBuildFile; fileRef = 6FD7AA581CB605F100AF2A14 /* Assets.xcassets */; };
		6FD7AA5C1CB605F100AF2A14 /* LaunchScreen.storyboard in Resources */ = {isa = PBXBuildFile; fileRef = 6FD7AA5A1CB605F100AF2A14 /* LaunchScreen.storyboard */; };
		6FEEF8881CC0FFA30003325E /* background-image-967820_960_720.jpg in Resources */ = {isa = PBXBuildFile; fileRef = 6FEEF8871CC0FFA30003325E /* background-image-967820_960_720.jpg */; };
		6FEEF88A1CC103100003325E /* SR_ActivityIndicator.swift in Sources */ = {isa = PBXBuildFile; fileRef = 6FEEF8891CC103100003325E /* SR_ActivityIndicator.swift */; };
		6FEEF88E1CC105C40003325E /* imgres.jpg in Resources */ = {isa = PBXBuildFile; fileRef = 6FEEF88D1CC105C40003325E /* imgres.jpg */; };
/* End PBXBuildFile section */

/* Begin PBXFileReference section */
		6FD7AA4E1CB605F000AF2A14 /* SR_Activity_Indicator.app */ = {isa = PBXFileReference; explicitFileType = wrapper.application; includeInIndex = 0; path = SR_Activity_Indicator.app; sourceTree = BUILT_PRODUCTS_DIR; };
		6FD7AA511CB605F000AF2A14 /* AppDelegate.swift */ = {isa = PBXFileReference; lastKnownFileType = sourcecode.swift; path = AppDelegate.swift; sourceTree = "<group>"; };
		6FD7AA531CB605F000AF2A14 /* ViewController.swift */ = {isa = PBXFileReference; lastKnownFileType = sourcecode.swift; path = ViewController.swift; sourceTree = "<group>"; };
		6FD7AA561CB605F100AF2A14 /* Base */ = {isa = PBXFileReference; lastKnownFileType = file.storyboard; name = Base; path = Base.lproj/Main.storyboard; sourceTree = "<group>"; };
		6FD7AA581CB605F100AF2A14 /* Assets.xcassets */ = {isa = PBXFileReference; lastKnownFileType = folder.assetcatalog; path = Assets.xcassets; sourceTree = "<group>"; };
		6FD7AA5B1CB605F100AF2A14 /* Base */ = {isa = PBXFileReference; lastKnownFileType = file.storyboard; name = Base; path = Base.lproj/LaunchScreen.storyboard; sourceTree = "<group>"; };
		6FD7AA5D1CB605F100AF2A14 /* Info.plist */ = {isa = PBXFileReference; lastKnownFileType = text.plist.xml; path = Info.plist; sourceTree = "<group>"; };
		6FEEF8871CC0FFA30003325E /* background-image-967820_960_720.jpg */ = {isa = PBXFileReference; lastKnownFileType = image.jpeg; path = "background-image-967820_960_720.jpg"; sourceTree = "<group>"; };
		6FEEF8891CC103100003325E /* SR_ActivityIndicator.swift */ = {isa = PBXFileReference; fileEncoding = 4; lastKnownFileType = sourcecode.swift; path = SR_ActivityIndicator.swift; sourceTree = "<group>"; };
		6FEEF88D1CC105C40003325E /* imgres.jpg */ = {isa = PBXFileReference; lastKnownFileType = image.jpeg; path = imgres.jpg; sourceTree = "<group>"; };
/* End PBXFileReference section */

/* Begin PBXFrameworksBuildPhase section */
		6FD7AA4B1CB605F000AF2A14 /* Frameworks */ = {
			isa = PBXFrameworksBuildPhase;
			buildActionMask = 2147483647;
			files = (
			);
			runOnlyForDeploymentPostprocessing = 0;
		};
/* End PBXFrameworksBuildPhase section */

/* Begin PBXGroup section */
		6FD7AA451CB605F000AF2A14 = {
			isa = PBXGroup;
			children = (
				6FD7AA501CB605F000AF2A14 /* SR_Activity_Indicator */,
				6FD7AA4F1CB605F000AF2A14 /* Products */,
			);
			sourceTree = "<group>";
		};
		6FD7AA4F1CB605F000AF2A14 /* Products */ = {
			isa = PBXGroup;
			children = (
				6FD7AA4E1CB605F000AF2A14 /* SR_Activity_Indicator.app */,
			);
			name = Products;
			sourceTree = "<group>";
		};
		6FD7AA501CB605F000AF2A14 /* SR_Activity_Indicator */ = {
			isa = PBXGroup;
			children = (
				6FEEF8871CC0FFA30003325E /* background-image-967820_960_720.jpg */,
				6FEEF88D1CC105C40003325E /* imgres.jpg */,
				6FD7AA511CB605F000AF2A14 /* AppDelegate.swift */,
				6FD7AA531CB605F000AF2A14 /* ViewController.swift */,
				6FEEF8891CC103100003325E /* SR_ActivityIndicator.swift */,
				6FD7AA551CB605F100AF2A14 /* Main.storyboard */,
				6FD7AA581CB605F100AF2A14 /* Assets.xcassets */,
				6FD7AA5A1CB605F100AF2A14 /* LaunchScreen.storyboard */,
				6FD7AA5D1CB605F100AF2A14 /* Info.plist */,
			);
			path = SR_Activity_Indicator;
			sourceTree = "<group>";
		};
/* End PBXGroup section */

/* Begin PBXNativeTarget section */
		6FD7AA4D1CB605F000AF2A14 /* SR_Activity_Indicator */ = {
			isa = PBXNativeTarget;
			buildConfigurationList = 6FD7AA601CB605F100AF2A14 /* Build configuration list for PBXNativeTarget "SR_Activity_Indicator" */;
			buildPhases = (
				6FD7AA4A1CB605F000AF2A14 /* Sources */,
				6FD7AA4B1CB605F000AF2A14 /* Frameworks */,
				6FD7AA4C1CB605F000AF2A14 /* Resources */,
			);
			buildRules = (
			);
			dependencies = (
			);
			name = SR_Activity_Indicator;
			productName = SR_Activity_Indicator;
			productReference = 6FD7AA4E1CB605F000AF2A14 /* SR_Activity_Indicator.app */;
			productType = "com.apple.product-type.application";
		};
/* End PBXNativeTarget section */

/* Begin PBXProject section */
		6FD7AA461CB605F000AF2A14 /* Project object */ = {
			isa = PBXProject;
			attributes = {
				LastSwiftUpdateCheck = 0720;
				LastUpgradeCheck = 0720;
				ORGANIZATIONNAME = Saroj;
				TargetAttributes = {
					6FD7AA4D1CB605F000AF2A14 = {
						CreatedOnToolsVersion = 7.2.1;
					};
				};
			};
			buildConfigurationList = 6FD7AA491CB605F000AF2A14 /* Build configuration list for PBXProject "SR_Activity_Indicator" */;
			compatibilityVersion = "Xcode 3.2";
			developmentRegion = English;
			hasScannedForEncodings = 0;
			knownRegions = (
				en,
				Base,
			);
			mainGroup = 6FD7AA451CB605F000AF2A14;
			productRefGroup = 6FD7AA4F1CB605F000AF2A14 /* Products */;
			projectDirPath = "";
			projectRoot = "";
			targets = (
				6FD7AA4D1CB605F000AF2A14 /* SR_Activity_Indicator */,
			);
		};
/* End PBXProject section */

/* Begin PBXResourcesBuildPhase section */
		6FD7AA4C1CB605F000AF2A14 /* Resources */ = {
			isa = PBXResourcesBuildPhase;
			buildActionMask = 2147483647;
			files = (
				6FD7AA5C1CB605F100AF2A14 /* LaunchScreen.storyboard in Resources */,
				6FEEF88E1CC105C40003325E /* imgres.jpg in Resources */,
				6FEEF8881CC0FFA30003325E /* background-image-967820_960_720.jpg in Resources */,
				6FD7AA591CB605F100AF2A14 /* Assets.xcassets in Resources */,
				6FD7AA571CB605F100AF2A14 /* Main.storyboard in Resources */,
			);
			runOnlyForDeploymentPostprocessing = 0;
		};
/* End PBXResourcesBuildPhase section */

/* Begin PBXSourcesBuildPhase section */
		6FD7AA4A1CB605F000AF2A14 /* Sources */ = {
			isa = PBXSourcesBuildPhase;
			buildActionMask = 2147483647;
			files = (
				6FD7AA541CB605F000AF2A14 /* ViewController.swift in Sources */,
				6FEEF88A1CC103100003325E /* SR_ActivityIndicator.swift in Sources */,
				6FD7AA521CB605F000AF2A14 /* AppDelegate.swift in Sources */,
			);
			runOnlyForDeploymentPostprocessing = 0;
		};
/* End PBXSourcesBuildPhase section */

/* Begin PBXVariantGroup section */
		6FD7AA551CB605F100AF2A14 /* Main.storyboard */ = {
			isa = PBXVariantGroup;
			children = (
				6FD7AA561CB605F100AF2A14 /* Base */,
			);
			name = Main.storyboard;
			sourceTree = "<group>";
		};
		6FD7AA5A1CB605F100AF2A14 /* LaunchScreen.storyboard */ = {
			isa = PBXVariantGroup;
			children = (
				6FD7AA5B1CB605F100AF2A14 /* Base */,
			);
			name = LaunchScreen.storyboard;
			sourceTree = "<group>";
		};
/* End PBXVariantGroup section */

/* Begin XCBuildConfiguration section */
		6FD7AA5E1CB605F100AF2A14 /* Debug */ = {
			isa = XCBuildConfiguration;
			buildSettings = {
				ALWAYS_SEARCH_USER_PATHS = NO;
				CLANG_CXX_LANGUAGE_STANDARD = "gnu++0x";
				CLANG_CXX_LIBRARY = "libc++";
				CLANG_ENABLE_MODULES = YES;
				CLANG_ENABLE_OBJC_ARC = YES;
				CLANG_WARN_BOOL_CONVERSION = YES;
				CLANG_WARN_CONSTANT_CONVERSION = YES;
				CLANG_WARN_DIRECT_OBJC_ISA_USAGE = YES_ERROR;
				CLANG_WARN_EMPTY_BODY = YES;
				CLANG_WARN_ENUM_CONVERSION = YES;
				CLANG_WARN_INT_CONVERSION = YES;
				CLANG_WARN_OBJC_ROOT_CLASS = YES_ERROR;
				CLANG_WARN_UNREACHABLE_CODE = YES;
				CLANG_WARN__DUPLICATE_METHOD_MATCH = YES;
				"CODE_SIGN_IDENTITY[sdk=iphoneos*]" = "iPhone Developer";
				COPY_PHASE_STRIP = NO;
				DEBUG_INFORMATION_FORMAT = dwarf;
				ENABLE_STRICT_OBJC_MSGSEND = YES;
				ENABLE_TESTABILITY = YES;
				GCC_C_LANGUAGE_STANDARD = gnu99;
				GCC_DYNAMIC_NO_PIC = NO;
				GCC_NO_COMMON_BLOCKS = YES;
				GCC_OPTIMIZATION_LEVEL = 0;
				GCC_PREPROCESSOR_DEFINITIONS = (
					"DEBUG=1",
					"$(inherited)",
				);
				GCC_WARN_64_TO_32_BIT_CONVERSION = YES;
				GCC_WARN_ABOUT_RETURN_TYPE = YES_ERROR;
				GCC_WARN_UNDECLARED_SELECTOR = YES;
				GCC_WARN_UNINITIALIZED_AUTOS = YES_AGGRESSIVE;
				GCC_WARN_UNUSED_FUNCTION = YES;
				GCC_WARN_UNUSED_VARIABLE = YES;
				IPHONEOS_DEPLOYMENT_TARGET = 9.2;
				MTL_ENABLE_DEBUG_INFO = YES;
				ONLY_ACTIVE_ARCH = YES;
				SDKROOT = iphoneos;
				SWIFT_OPTIMIZATION_LEVEL = "-Onone";
			};
			name = Debug;
		};
		6FD7AA5F1CB605F100AF2A14 /* Release */ = {
			isa = XCBuildConfiguration;
			buildSettings = {
				ALWAYS_SEARCH_USER_PATHS = NO;
				CLANG_CXX_LANGUAGE_STANDARD = "gnu++0x";
				CLANG_CXX_LIBRARY = "libc++";
				CLANG_ENABLE_MODULES = YES;
				CLANG_ENABLE_OBJC_ARC = YES;
				CLANG_WARN_BOOL_CONVERSION = YES;
				CLANG_WARN_CONSTANT_CONVERSION = YES;
				CLANG_WARN_DIRECT_OBJC_ISA_USAGE = YES_ERROR;
				CLANG_WARN_EMPTY_BODY = YES;
				CLANG_WARN_ENUM_CONVERSION = YES;
				CLANG_WARN_INT_CONVERSION = YES;
				CLANG_WARN_OBJC_ROOT_CLASS = YES_ERROR;
				CLANG_WARN_UNREACHABLE_CODE = YES;
				CLANG_WARN__DUPLICATE_METHOD_MATCH = YES;
				"CODE_SIGN_IDENTITY[sdk=iphoneos*]" = "iPhone Developer";
				COPY_PHASE_STRIP = NO;
				DEBUG_INFORMATION_FORMAT = "dwarf-with-dsym";
				ENABLE_NS_ASSERTIONS = NO;
				ENABLE_STRICT_OBJC_MSGSEND = YES;
				GCC_C_LANGUAGE_STANDARD = gnu99;
				GCC_NO_COMMON_BLOCKS = YES;
				GCC_WARN_64_TO_32_BIT_CONVERSION = YES;
				GCC_WARN_ABOUT_RETURN_TYPE = YES_ERROR;
				GCC_WARN_UNDECLARED_SELECTOR = YES;
				GCC_WARN_UNINITIALIZED_AUTOS = YES_AGGRESSIVE;
				GCC_WARN_UNUSED_FUNCTION = YES;
				GCC_WARN_UNUSED_VARIABLE = YES;
				IPHONEOS_DEPLOYMENT_TARGET = 9.2;
				MTL_ENABLE_DEBUG_INFO = NO;
				SDKROOT = iphoneos;
				VALIDATE_PRODUCT = YES;
			};
			name = Release;
		};
		6FD7AA611CB605F100AF2A14 /* Debug */ = {
			isa = XCBuildConfiguration;
			buildSettings = {
				ASSETCATALOG_COMPILER_APPICON_NAME = AppIcon;
				INFOPLIST_FILE = SR_Activity_Indicator/Info.plist;
				LD_RUNPATH_SEARCH_PATHS = "$(inherited) @executable_path/Frameworks";
				PRODUCT_BUNDLE_IDENTIFIER = "abc.SR-Activity-Indicator";
				PRODUCT_NAME = "$(TARGET_NAME)";
			};
			name = Debug;
		};
		6FD7AA621CB605F100AF2A14 /* Release */ = {
			isa = XCBuildConfiguration;
			buildSettings = {
				ASSETCATALOG_COMPILER_APPICON_NAME = AppIcon;
				INFOPLIST_FILE = SR_Activity_Indicator/Info.plist;
				LD_RUNPATH_SEARCH_PATHS = "$(inherited) @executable_path/Frameworks";
				PRODUCT_BUNDLE_IDENTIFIER = "abc.SR-Activity-Indicator";
				PRODUCT_NAME = "$(TARGET_NAME)";
			};
			name = Release;
		};
/* End XCBuildConfiguration section */

/* Begin XCConfigurationList section */
		6FD7AA491CB605F000AF2A14 /* Build configuration list for PBXProject "SR_Activity_Indicator" */ = {
			isa = XCConfigurationList;
			buildConfigurations = (
				6FD7AA5E1CB605F100AF2A14 /* Debug */,
				6FD7AA5F1CB605F100AF2A14 /* Release */,
			);
			defaultConfigurationIsVisible = 0;
			defaultConfigurationName = Release;
		};
		6FD7AA601CB605F100AF2A14 /* Build configuration list for PBXNativeTarget "SR_Activity_Indicator" */ = {
			isa = XCConfigurationList;
			buildConfigurations = (
				6FD7AA611CB605F100AF2A14 /* Debug */,
				6FD7AA621CB605F100AF2A14 /* Release */,
			);
			defaultConfigurationIsVisible = 0;
			defaultConfigurationName = Release;
		};
/* End XCConfigurationList section */
	};
	rootObject = 6FD7AA461CB605F000AF2A14 /* Project object */;
}
